
Microsoft Visual Studio Solution File, Format Version 12.00
# Visual Studio 2013
VisualStudioVersion = 12.0.21005.1
MinimumVisualStudioVersion = 10.0.40219.1
Project("{FAE04EC0-301F-11D3-BF4B-00C04F79EFBC}") = "CarModels001", "CarModels001\CarModels001.csproj", "{5D654210-0AF7-489C-BAD3-94A2889546B3}"
EndProject
Project("{FAE04EC0-301F-11D3-BF4B-00C04F79EFBC}") = "File2DB001", "File2DB001\File2DB001.csproj", "{BCAAC83C-9FB7-405C-8087-C2B378EB493B}"
	ProjectSection(ProjectDependencies) = postProject
		{5D654210-0AF7-489C-BAD3-94A2889546B3} = {5D654210-0AF7-489C-BAD3-94A2889546B3}
	EndProjectSection
EndProject
Project("{2150E333-8FDC-42A3-9474-1A3956D46DE8}") = "Solution Items", "Solution Items", "{37325680-5101-4886-AA9D-CEB9DED70179}"
	ProjectSection(SolutionItems) = preProject
		CarModels001\addmodel.html = CarModels001\addmodel.html
		CarModels001\index.html = CarModels001\index.html
	EndProjectSection
EndProject
Global
	GlobalSection(SolutionConfigurationPlatforms) = preSolution
		Debug|Any CPU = Debug|Any CPU
		Release|Any CPU = Release|Any CPU
	EndGlobalSection
	GlobalSection(ProjectConfigurationPlatforms) = postSolution
		{5D654210-0AF7-489C-BAD3-94A2889546B3}.Debug|Any CPU.ActiveCfg = Debug|Any CPU
		{5D654210-0AF7-489C-BAD3-94A2889546B3}.Debug|Any CPU.Build.0 = Debug|Any CPU
		{5D654210-0AF7-489C-BAD3-94A2889546B3}.Release|Any CPU.ActiveCfg = Release|Any CPU
		{5D654210-0AF7-489C-BAD3-94A2889546B3}.Release|Any CPU.Build.0 = Release|Any CPU
		{BCAAC83C-9FB7-405C-8087-C2B378EB493B}.Debug|Any CPU.ActiveCfg = Debug|Any CPU
		{BCAAC83C-9FB7-405C-8087-C2B378EB493B}.Debug|Any CPU.Build.0 = Debug|Any CPU
		{BCAAC83C-9FB7-405C-8087-C2B378EB493B}.Release|Any CPU.ActiveCfg = Release|Any CPU
		{BCAAC83C-9FB7-405C-8087-C2B378EB493B}.Release|Any CPU.Build.0 = Release|Any CPU
	EndGlobalSection
	GlobalSection(SolutionProperties) = preSolution
		HideSolutionNode = FALSE
	EndGlobalSection
EndGlobal
